{
  "name": "language-rust-treesitter",
  "version": "0.4.2",
  "lockfileVersion": 1,
  "requires": true,
  "dependencies": {
    "nan": {
      "version": "2.14.0",
      "resolved": "https://registry.npmjs.org/nan/-/nan-2.14.0.tgz",
      "integrity": "sha512-INOFj37C7k3AfaNTtX8RhsTw7qRy7eLET14cROi9+5HAVbbHuIWUHEauBv5qT4Av2tWasiTY1Jw6puUNqRJXQg=="
    },
    "tree-sitter-rust": {
      "version": "git://github.com/tree-sitter/tree-sitter-rust.git#9f5c216a765dc3932fca02216399f566393923c6",
      "from": "git://github.com/tree-sitter/tree-sitter-rust.git#master",
      "requires": {
        "nan": "^2.8.0"
      }
    }
  }
}
